PODS:
  - ReSwift (4.0.1)
  - SwiftLint (0.28.1)

DEPENDENCIES:
  - ReSwift
  - SwiftLint

SPEC REPOS:
  https://github.com/cocoapods/specs.git:
    - ReSwift
    - SwiftLint

SPEC CHECKSUMS:
  ReSwift: f4012c613e13da7398827fe5aebdb938eaed40a3
  SwiftLint: 7f5f7de0da74a649b16616cb5246ae323489656e

PODFILE CHECKSUM: 05eaefe86aa9c3269a893b7863227e9c3796bc0f

COCOAPODS: 1.5.3
